// !$*UTF8*$!
{
	archiveVersion = 1;
	classes = {
	};
	objectVersion = 51;
	objects = {

/* Begin PBXBuildFile section */
		964E0FD3239EC4F9003BC6A0 /* Constants.swift in Sources */ = {isa = PBXBuildFile; fileRef = 964E0FD2239EC4F9003BC6A0 /* Constants.swift */; };
		96EEA51B2396B1C800D33FE1 /* AppDelegate.swift in Sources */ = {isa = PBXBuildFile; fileRef = 96EEA51A2396B1C800D33FE1 /* AppDelegate.swift */; };
		96EEA51D2396B1C800D33FE1 /* SceneDelegate.swift in Sources */ = {isa = PBXBuildFile; fileRef = 96EEA51C2396B1C800D33FE1 /* SceneDelegate.swift */; };
		96EEA51F2396B1C800D33FE1 /* ViewController.swift in Sources */ = {isa = PBXBuildFile; fileRef = 96EEA51E2396B1C800D33FE1 /* ViewController.swift */; };
		96EEA5222396B1C800D33FE1 /* Main.storyboard in Resources */ = {isa = PBXBuildFile; fileRef = 96EEA5202396B1C800D33FE1 /* Main.storyboard */; };
		96EEA5242396B1CE00D33FE1 /* Assets.xcassets in Resources */ = {isa = PBXBuildFile; fileRef = 96EEA5232396B1CE00D33FE1 /* Assets.xcassets */; };
		96EEA5272396B1CE00D33FE1 /* LaunchScreen.storyboard in Resources */ = {isa = PBXBuildFile; fileRef = 96EEA5252396B1CE00D33FE1 /* LaunchScreen.storyboard */; };
		96EEA5302396B33C00D33FE1 /* LogInController.swift in Sources */ = {isa = PBXBuildFile; fileRef = 96EEA52F2396B33C00D33FE1 /* LogInController.swift */; };
		96EEA5322396B39000D33FE1 /* SignUpController.swift in Sources */ = {isa = PBXBuildFile; fileRef = 96EEA5312396B39000D33FE1 /* SignUpController.swift */; };
		96EEA534239CCF3E00D33FE1 /* HomeViewController.swift in Sources */ = {isa = PBXBuildFile; fileRef = 96EEA533239CCF3E00D33FE1 /* HomeViewController.swift */; };
		96EEA536239CE89800D33FE1 /* GoogleService-Info.plist in Resources */ = {isa = PBXBuildFile; fileRef = 96EEA535239CE89800D33FE1 /* GoogleService-Info.plist */; };
		BA034CD1C35AE67ACE710DEF /* Pods_StoryBookiOS.framework in Frameworks */ = {isa = PBXBuildFile; fileRef = 4FBEB1EAF534B9CA71E4878D /* Pods_StoryBookiOS.framework */; };
/* End PBXBuildFile section */

/* Begin PBXFileReference section */
		4FBEB1EAF534B9CA71E4878D /* Pods_StoryBookiOS.framework */ = {isa = PBXFileReference; explicitFileType = wrapper.framework; includeInIndex = 0; path = Pods_StoryBookiOS.framework; sourceTree = BUILT_PRODUCTS_DIR; };
		964E0FD2239EC4F9003BC6A0 /* Constants.swift */ = {isa = PBXFileReference; lastKnownFileType = sourcecode.swift; path = Constants.swift; sourceTree = "<group>"; };
		96EEA5172396B1C800D33FE1 /* StoryBookiOS.app */ = {isa = PBXFileReference; explicitFileType = wrapper.application; includeInIndex = 0; path = StoryBookiOS.app; sourceTree = BUILT_PRODUCTS_DIR; };
		96EEA51A2396B1C800D33FE1 /* AppDelegate.swift */ = {isa = PBXFileReference; lastKnownFileType = sourcecode.swift; path = AppDelegate.swift; sourceTree = "<group>"; };
		96EEA51C2396B1C800D33FE1 /* SceneDelegate.swift */ = {isa = PBXFileReference; lastKnownFileType = sourcecode.swift; path = SceneDelegate.swift; sourceTree = "<group>"; };
		96EEA51E2396B1C800D33FE1 /* ViewController.swift */ = {isa = PBXFileReference; lastKnownFileType = sourcecode.swift; path = ViewController.swift; sourceTree = "<group>"; };
		96EEA5212396B1C800D33FE1 /* Base */ = {isa = PBXFileReference; lastKnownFileType = file.storyboard; name = Base; path = Base.lproj/Main.storyboard; sourceTree = "<group>"; };
		96EEA5232396B1CE00D33FE1 /* Assets.xcassets */ = {isa = PBXFileReference; lastKnownFileType = folder.assetcatalog; path = Assets.xcassets; sourceTree = "<group>"; };
		96EEA5262396B1CE00D33FE1 /* Base */ = {isa = PBXFileReference; lastKnownFileType = file.storyboard; name = Base; path = Base.lproj/LaunchScreen.storyboard; sourceTree = "<group>"; };
		96EEA5282396B1CE00D33FE1 /* Info.plist */ = {isa = PBXFileReference; lastKnownFileType = text.plist.xml; path = Info.plist; sourceTree = "<group>"; };
		96EEA52F2396B33C00D33FE1 /* LogInController.swift */ = {isa = PBXFileReference; lastKnownFileType = sourcecode.swift; path = LogInController.swift; sourceTree = "<group>"; };
		96EEA5312396B39000D33FE1 /* SignUpController.swift */ = {isa = PBXFileReference; lastKnownFileType = sourcecode.swift; path = SignUpController.swift; sourceTree = "<group>"; };
		96EEA533239CCF3E00D33FE1 /* HomeViewController.swift */ = {isa = PBXFileReference; lastKnownFileType = sourcecode.swift; path = HomeViewController.swift; sourceTree = "<group>"; };
		96EEA535239CE89800D33FE1 /* GoogleService-Info.plist */ = {isa = PBXFileReference; fileEncoding = 4; lastKnownFileType = text.plist.xml; path = "GoogleService-Info.plist"; sourceTree = "<group>"; };
		A251AFA68F685C038798F246 /* Pods-StoryBookiOS.release.xcconfig */ = {isa = PBXFileReference; includeInIndex = 1; lastKnownFileType = text.xcconfig; name = "Pods-StoryBookiOS.release.xcconfig"; path = "Target Support Files/Pods-StoryBookiOS/Pods-StoryBookiOS.release.xcconfig"; sourceTree = "<group>"; };
		C9CE43B75FB20A10422D734F /* Pods-StoryBookiOS.debug.xcconfig */ = {isa = PBXFileReference; includeInIndex = 1; lastKnownFileType = text.xcconfig; name = "Pods-StoryBookiOS.debug.xcconfig"; path = "Target Support Files/Pods-StoryBookiOS/Pods-StoryBookiOS.debug.xcconfig"; sourceTree = "<group>"; };
/* End PBXFileReference section */

/* Begin PBXFrameworksBuildPhase section */
		96EEA5142396B1C800D33FE1 /* Frameworks */ = {
			isa = PBXFrameworksBuildPhase;
			buildActionMask = 2147483647;
			files = (
				BA034CD1C35AE67ACE710DEF /* Pods_StoryBookiOS.framework in Frameworks */,
			);
			runOnlyForDeploymentPostprocessing = 0;
		};
/* End PBXFrameworksBuildPhase section */

/* Begin PBXGroup section */
		09EEA05F159E48CFC5A02F4C /* Frameworks */ = {
			isa = PBXGroup;
			children = (
				4FBEB1EAF534B9CA71E4878D /* Pods_StoryBookiOS.framework */,
			);
			name = Frameworks;
			sourceTree = "<group>";
		};
		46B34F7E1C12EC4FEB0DD927 /* Pods */ = {
			isa = PBXGroup;
			children = (
				C9CE43B75FB20A10422D734F /* Pods-StoryBookiOS.debug.xcconfig */,
				A251AFA68F685C038798F246 /* Pods-StoryBookiOS.release.xcconfig */,
			);
			path = Pods;
			sourceTree = "<group>";
		};
		964E0FD1239EC4D9003BC6A0 /* Helpers */ = {
			isa = PBXGroup;
			children = (
				964E0FD2239EC4F9003BC6A0 /* Constants.swift */,
			);
			path = Helpers;
			sourceTree = "<group>";
		};
		96EEA50E2396B1C800D33FE1 = {
			isa = PBXGroup;
			children = (
				96EEA5192396B1C800D33FE1 /* StoryBookiOS */,
				96EEA5182396B1C800D33FE1 /* Products */,
				46B34F7E1C12EC4FEB0DD927 /* Pods */,
				09EEA05F159E48CFC5A02F4C /* Frameworks */,
			);
			sourceTree = "<group>";
		};
		96EEA5182396B1C800D33FE1 /* Products */ = {
			isa = PBXGroup;
			children = (
				96EEA5172396B1C800D33FE1 /* StoryBookiOS.app */,
			);
			name = Products;
			sourceTree = "<group>";
		};
		96EEA5192396B1C800D33FE1 /* StoryBookiOS */ = {
			isa = PBXGroup;
			children = (
				964E0FD1239EC4D9003BC6A0 /* Helpers */,
				96EEA52E2396B2B900D33FE1 /* ViewControllers */,
				96EEA51A2396B1C800D33FE1 /* AppDelegate.swift */,
				96EEA51C2396B1C800D33FE1 /* SceneDelegate.swift */,
				96EEA5202396B1C800D33FE1 /* Main.storyboard */,
				96EEA5232396B1CE00D33FE1 /* Assets.xcassets */,
				96EEA5252396B1CE00D33FE1 /* LaunchScreen.storyboard */,
				96EEA535239CE89800D33FE1 /* GoogleService-Info.plist */,
				96EEA5282396B1CE00D33FE1 /* Info.plist */,
			);
			path = StoryBookiOS;
			sourceTree = "<group>";
		};
		96EEA52E2396B2B900D33FE1 /* ViewControllers */ = {
			isa = PBXGroup;
			children = (
				96EEA51E2396B1C800D33FE1 /* ViewController.swift */,
				96EEA52F2396B33C00D33FE1 /* LogInController.swift */,
				96EEA5312396B39000D33FE1 /* SignUpController.swift */,
				96EEA533239CCF3E00D33FE1 /* HomeViewController.swift */,
			);
			path = ViewControllers;
			sourceTree = "<group>";
		};
/* End PBXGroup section */

/* Begin PBXNativeTarget section */
		96EEA5162396B1C800D33FE1 /* StoryBookiOS */ = {
			isa = PBXNativeTarget;
			buildConfigurationList = 96EEA52B2396B1CE00D33FE1 /* Build configuration list for PBXNativeTarget "StoryBookiOS" */;
			buildPhases = (
				0BD4DAAB4C22B79E126D4691 /* [CP] Check Pods Manifest.lock */,
				96EEA5132396B1C800D33FE1 /* Sources */,
				96EEA5142396B1C800D33FE1 /* Frameworks */,
				96EEA5152396B1C800D33FE1 /* Resources */,
				2FC30ECF60D3D04A3C39CBF8 /* [CP] Embed Pods Frameworks */,
			);
			buildRules = (
			);
			dependencies = (
			);
			name = StoryBookiOS;
			productName = StoryBookiOS;
			productReference = 96EEA5172396B1C800D33FE1 /* StoryBookiOS.app */;
			productType = "com.apple.product-type.application";
		};
/* End PBXNativeTarget section */

/* Begin PBXProject section */
		96EEA50F2396B1C800D33FE1 /* Project object */ = {
			isa = PBXProject;
			attributes = {
				LastSwiftUpdateCheck = 1120;
				LastUpgradeCheck = 1120;
				ORGANIZATIONNAME = "Sanviraj Zahin Haque";
				TargetAttributes = {
					96EEA5162396B1C800D33FE1 = {
						CreatedOnToolsVersion = 11.2.1;
					};
				};
			};
			buildConfigurationList = 96EEA5122396B1C800D33FE1 /* Build configuration list for PBXProject "StoryBookiOS" */;
			compatibilityVersion = "Xcode 9.3";
			developmentRegion = en;
			hasScannedForEncodings = 0;
			knownRegions = (
				en,
				Base,
			);
			mainGroup = 96EEA50E2396B1C800D33FE1;
			productRefGroup = 96EEA5182396B1C800D33FE1 /* Products */;
			projectDirPath = "";
			projectRoot = "";
			targets = (
				96EEA5162396B1C800D33FE1 /* StoryBookiOS */,
			);
		};
/* End PBXProject section */

/* Begin PBXResourcesBuildPhase section */
		96EEA5152396B1C800D33FE1 /* Resources */ = {
			isa = PBXResourcesBuildPhase;
			buildActionMask = 2147483647;
			files = (
				96EEA5272396B1CE00D33FE1 /* LaunchScreen.storyboard in Resources */,
				96EEA536239CE89800D33FE1 /* GoogleService-Info.plist in Resources */,
				96EEA5242396B1CE00D33FE1 /* Assets.xcassets in Resources */,
				96EEA5222396B1C800D33FE1 /* Main.storyboard in Resources */,
			);
			runOnlyForDeploymentPostprocessing = 0;
		};
/* End PBXResourcesBuildPhase section */

/* Begin PBXShellScriptBuildPhase section */
		0BD4DAAB4C22B79E126D4691 /* [CP] Check Pods Manifest.lock */ = {
			isa = PBXShellScriptBuildPhase;
			buildActionMask = 2147483647;
			files = (
			);
			inputFileListPaths = (
			);
			inputPaths = (
				"${PODS_PODFILE_DIR_PATH}/Podfile.lock",
				"${PODS_ROOT}/Manifest.lock",
			);
			name = "[CP] Check Pods Manifest.lock";
			outputFileListPaths = (
			);
			outputPaths = (
				"$(DERIVED_FILE_DIR)/Pods-StoryBookiOS-checkManifestLockResult.txt",
			);
			runOnlyForDeploymentPostprocessing = 0;
			shellPath = /bin/sh;
			shellScript = "diff \"${PODS_PODFILE_DIR_PATH}/Podfile.lock\" \"${PODS_ROOT}/Manifest.lock\" > /dev/null\nif [ $? != 0 ] ; then\n    # print error to STDERR\n    echo \"error: The sandbox is not in sync with the Podfile.lock. Run 'pod install' or update your CocoaPods installation.\" >&2\n    exit 1\nfi\n# This output is used by Xcode 'outputs' to avoid re-running this script phase.\necho \"SUCCESS\" > \"${SCRIPT_OUTPUT_FILE_0}\"\n";
			showEnvVarsInLog = 0;
		};
		2FC30ECF60D3D04A3C39CBF8 /* [CP] Embed Pods Frameworks */ = {
			isa = PBXShellScriptBuildPhase;
			buildActionMask = 2147483647;
			files = (
			);
			inputFileListPaths = (
				"${PODS_ROOT}/Target Support Files/Pods-StoryBookiOS/Pods-StoryBookiOS-frameworks-${CONFIGURATION}-input-files.xcfilelist",
			);
			name = "[CP] Embed Pods Frameworks";
			outputFileListPaths = (
				"${PODS_ROOT}/Target Support Files/Pods-StoryBookiOS/Pods-StoryBookiOS-frameworks-${CONFIGURATION}-output-files.xcfilelist",
			);
			runOnlyForDeploymentPostprocessing = 0;
			shellPath = /bin/sh;
			shellScript = "\"${PODS_ROOT}/Target Support Files/Pods-StoryBookiOS/Pods-StoryBookiOS-frameworks.sh\"\n";
			showEnvVarsInLog = 0;
		};
/* End PBXShellScriptBuildPhase section */

/* Begin PBXSourcesBuildPhase section */
		96EEA5132396B1C800D33FE1 /* Sources */ = {
			isa = PBXSourcesBuildPhase;
			buildActionMask = 2147483647;
			files = (
				96EEA5322396B39000D33FE1 /* SignUpController.swift in Sources */,
				96EEA51F2396B1C800D33FE1 /* ViewController.swift in Sources */,
				96EEA5302396B33C00D33FE1 /* LogInController.swift in Sources */,
				96EEA51B2396B1C800D33FE1 /* AppDelegate.swift in Sources */,
				964E0FD3239EC4F9003BC6A0 /* Constants.swift in Sources */,
				96EEA51D2396B1C800D33FE1 /* SceneDelegate.swift in Sources */,
				96EEA534239CCF3E00D33FE1 /* HomeViewController.swift in Sources */,
			);
			runOnlyForDeploymentPostprocessing = 0;
		};
/* End PBXSourcesBuildPhase section */

/* Begin PBXVariantGroup section */
		96EEA5202396B1C800D33FE1 /* Main.storyboard */ = {
			isa = PBXVariantGroup;
			children = (
				96EEA5212396B1C800D33FE1 /* Base */,
			);
			name = Main.storyboard;
			sourceTree = "<group>";
		};
		96EEA5252396B1CE00D33FE1 /* LaunchScreen.storyboard */ = {
			isa = PBXVariantGroup;
			children = (
				96EEA5262396B1CE00D33FE1 /* Base */,
			);
			name = LaunchScreen.storyboard;
			sourceTree = "<group>";
		};
/* End PBXVariantGroup section */

/* Begin XCBuildConfiguration section */
		96EEA5292396B1CE00D33FE1 /* Debug */ = {
			isa = XCBuildConfiguration;
			buildSettings = {
				ALWAYS_SEARCH_USER_PATHS = NO;
				CLANG_ANALYZER_NONNULL = YES;
				CLANG_ANALYZER_NUMBER_OBJECT_CONVERSION = YES_AGGRESSIVE;
				CLANG_CXX_LANGUAGE_STANDARD = "gnu++14";
				CLANG_CXX_LIBRARY = "libc++";
				CLANG_ENABLE_MODULES = YES;
				CLANG_ENABLE_OBJC_ARC = YES;
				CLANG_ENABLE_OBJC_WEAK = YES;
				CLANG_WARN_BLOCK_CAPTURE_AUTORELEASING = YES;
				CLANG_WARN_BOOL_CONVERSION = YES;
				CLANG_WARN_COMMA = YES;
				CLANG_WARN_CONSTANT_CONVERSION = YES;
				CLANG_WARN_DEPRECATED_OBJC_IMPLEMENTATIONS = YES;
				CLANG_WARN_DIRECT_OBJC_ISA_USAGE = YES_ERROR;
				CLANG_WARN_DOCUMENTATION_COMMENTS = YES;
				CLANG_WARN_EMPTY_BODY = YES;
				CLANG_WARN_ENUM_CONVERSION = YES;
				CLANG_WARN_INFINITE_RECURSION = YES;
				CLANG_WARN_INT_CONVERSION = YES;
				CLANG_WARN_NON_LITERAL_NULL_CONVERSION = YES;
				CLANG_WARN_OBJC_IMPLICIT_RETAIN_SELF = YES;
				CLANG_WARN_OBJC_LITERAL_CONVERSION = YES;
				CLANG_WARN_OBJC_ROOT_CLASS = YES_ERROR;
				CLANG_WARN_RANGE_LOOP_ANALYSIS = YES;
				CLANG_WARN_STRICT_PROTOTYPES = YES;
				CLANG_WARN_SUSPICIOUS_MOVE = YES;
				CLANG_WARN_UNGUARDED_AVAILABILITY = YES_AGGRESSIVE;
				CLANG_WARN_UNREACHABLE_CODE = YES;
				CLANG_WARN__DUPLICATE_METHOD_MATCH = YES;
				COPY_PHASE_STRIP = NO;
				DEBUG_INFORMATION_FORMAT = dwarf;
				ENABLE_STRICT_OBJC_MSGSEND = YES;
				ENABLE_TESTABILITY = YES;
				GCC_C_LANGUAGE_STANDARD = gnu11;
				GCC_DYNAMIC_NO_PIC = NO;
				GCC_NO_COMMON_BLOCKS = YES;
				GCC_OPTIMIZATION_LEVEL = 0;
				GCC_PREPROCESSOR_DEFINITIONS = (
					"DEBUG=1",
					"$(inherited)",
				);
				GCC_WARN_64_TO_32_BIT_CONVERSION = YES;
				GCC_WARN_ABOUT_RETURN_TYPE = YES_ERROR;
				GCC_WARN_UNDECLARED_SELECTOR = YES;
				GCC_WARN_UNINITIALIZED_AUTOS = YES_AGGRESSIVE;
				GCC_WARN_UNUSED_FUNCTION = YES;
				GCC_WARN_UNUSED_VARIABLE = YES;
				IPHONEOS_DEPLOYMENT_TARGET = 13.2;
				MTL_ENABLE_DEBUG_INFO = INCLUDE_SOURCE;
				MTL_FAST_MATH = YES;
				ONLY_ACTIVE_ARCH = YES;
				SDKROOT = iphoneos;
				SWIFT_ACTIVE_COMPILATION_CONDITIONS = DEBUG;
				SWIFT_OPTIMIZATION_LEVEL = "-Onone";
			};
			name = Debug;
		};
		96EEA52A2396B1CE00D33FE1 /* Release */ = {
			isa = XCBuildConfiguration;
			buildSettings = {
				ALWAYS_SEARCH_USER_PATHS = NO;
				CLANG_ANALYZER_NONNULL = YES;
				CLANG_ANALYZER_NUMBER_OBJECT_CONVERSION = YES_AGGRESSIVE;
				CLANG_CXX_LANGUAGE_STANDARD = "gnu++14";
				CLANG_CXX_LIBRARY = "libc++";
				CLANG_ENABLE_MODULES = YES;
				CLANG_ENABLE_OBJC_ARC = YES;
				CLANG_ENABLE_OBJC_WEAK = YES;
				CLANG_WARN_BLOCK_CAPTURE_AUTORELEASING = YES;
				CLANG_WARN_BOOL_CONVERSION = YES;
				CLANG_WARN_COMMA = YES;
				CLANG_WARN_CONSTANT_CONVERSION = YES;
				CLANG_WARN_DEPRECATED_OBJC_IMPLEMENTATIONS = YES;
				CLANG_WARN_DIRECT_OBJC_ISA_USAGE = YES_ERROR;
				CLANG_WARN_DOCUMENTATION_COMMENTS = YES;
				CLANG_WARN_EMPTY_BODY = YES;
				CLANG_WARN_ENUM_CONVERSION = YES;
				CLANG_WARN_INFINITE_RECURSION = YES;
				CLANG_WARN_INT_CONVERSION = YES;
				CLANG_WARN_NON_LITERAL_NULL_CONVERSION = YES;
				CLANG_WARN_OBJC_IMPLICIT_RETAIN_SELF = YES;
				CLANG_WARN_OBJC_LITERAL_CONVERSION = YES;
				CLANG_WARN_OBJC_ROOT_CLASS = YES_ERROR;
				CLANG_WARN_RANGE_LOOP_ANALYSIS = YES;
				CLANG_WARN_STRICT_PROTOTYPES = YES;
				CLANG_WARN_SUSPICIOUS_MOVE = YES;
				CLANG_WARN_UNGUARDED_AVAILABILITY = YES_AGGRESSIVE;
				CLANG_WARN_UNREACHABLE_CODE = YES;
				CLANG_WARN__DUPLICATE_METHOD_MATCH = YES;
				COPY_PHASE_STRIP = NO;
				DEBUG_INFORMATION_FORMAT = "dwarf-with-dsym";
				ENABLE_NS_ASSERTIONS = NO;
				ENABLE_STRICT_OBJC_MSGSEND = YES;
				GCC_C_LANGUAGE_STANDARD = gnu11;
				GCC_NO_COMMON_BLOCKS = YES;
				GCC_WARN_64_TO_32_BIT_CONVERSION = YES;
				GCC_WARN_ABOUT_RETURN_TYPE = YES_ERROR;
				GCC_WARN_UNDECLARED_SELECTOR = YES;
				GCC_WARN_UNINITIALIZED_AUTOS = YES_AGGRESSIVE;
				GCC_WARN_UNUSED_FUNCTION = YES;
				GCC_WARN_UNUSED_VARIABLE = YES;
				IPHONEOS_DEPLOYMENT_TARGET = 13.2;
				MTL_ENABLE_DEBUG_INFO = NO;
				MTL_FAST_MATH = YES;
				SDKROOT = iphoneos;
				SWIFT_COMPILATION_MODE = wholemodule;
				SWIFT_OPTIMIZATION_LEVEL = "-O";
				VALIDATE_PRODUCT = YES;
			};
			name = Release;
		};
		96EEA52C2396B1CE00D33FE1 /* Debug */ = {
			isa = XCBuildConfiguration;
			baseConfigurationReference = C9CE43B75FB20A10422D734F /* Pods-StoryBookiOS.debug.xcconfig */;
			buildSettings = {
				ASSETCATALOG_COMPILER_APPICON_NAME = AppIcon;
				CODE_SIGN_STYLE = Automatic;
				INFOPLIST_FILE = StoryBookiOS/Info.plist;
				LD_RUNPATH_SEARCH_PATHS = (
					"$(inherited)",
					"@executable_path/Frameworks",
				);
				PRODUCT_BUNDLE_IDENTIFIER = com.hello.StoryBookiOS;
				PRODUCT_NAME = "$(TARGET_NAME)";
				SWIFT_VERSION = 5.0;
				TARGETED_DEVICE_FAMILY = "1,2";
			};
			name = Debug;
		};
		96EEA52D2396B1CE00D33FE1 /* Release */ = {
			isa = XCBuildConfiguration;
			baseConfigurationReference = A251AFA68F685C038798F246 /* Pods-StoryBookiOS.release.xcconfig */;
			buildSettings = {
				ASSETCATALOG_COMPILER_APPICON_NAME = AppIcon;
				CODE_SIGN_STYLE = Automatic;
				INFOPLIST_FILE = StoryBookiOS/Info.plist;
				LD_RUNPATH_SEARCH_PATHS = (
					"$(inherited)",
					"@executable_path/Frameworks",
				);
				PRODUCT_BUNDLE_IDENTIFIER = com.hello.StoryBookiOS;
				PRODUCT_NAME = "$(TARGET_NAME)";
				SWIFT_VERSION = 5.0;
				TARGETED_DEVICE_FAMILY = "1,2";
			};
			name = Release;
		};
/* End XCBuildConfiguration section */

/* Begin XCConfigurationList section */
		96EEA5122396B1C800D33FE1 /* Build configuration list for PBXProject "StoryBookiOS" */ = {
			isa = XCConfigurationList;
			buildConfigurations = (
				96EEA5292396B1CE00D33FE1 /* Debug */,
				96EEA52A2396B1CE00D33FE1 /* Release */,
			);
			defaultConfigurationIsVisible = 0;
			defaultConfigurationName = Release;
		};
		96EEA52B2396B1CE00D33FE1 /* Build configuration list for PBXNativeTarget "StoryBookiOS" */ = {
			isa = XCConfigurationList;
			buildConfigurations = (
				96EEA52C2396B1CE00D33FE1 /* Debug */,
				96EEA52D2396B1CE00D33FE1 /* Release */,
			);
			defaultConfigurationIsVisible = 0;
			defaultConfigurationName = Release;
		};
/* End XCConfigurationList section */
	};
	rootObject = 96EEA50F2396B1C800D33FE1 /* Project object */;
}
